
Microsoft Visual Studio Solution File, Format Version 12.00
# Visual Studio Version 16
VisualStudioVersion = 16.0.29215.179
MinimumVisualStudioVersion = 10.0.40219.1
Project("{FAE04EC0-301F-11D3-BF4B-00C04F79EFBC}") = "BakeryShop", "BakeryShop\BakeryShop.csproj", "{3DF549DB-109A-413A-AED6-AFB195E804ED}"
EndProject
Global
	GlobalSection(SolutionConfigurationPlatforms) = preSolution
		Debug|Any CPU = Debug|Any CPU
		Release|Any CPU = Release|Any CPU
	EndGlobalSection
	GlobalSection(ProjectConfigurationPlatforms) = postSolution
		{3DF549DB-109A-413A-AED6-AFB195E804ED}.Debug|Any CPU.ActiveCfg = Debug|Any CPU
		{3DF549DB-109A-413A-AED6-AFB195E804ED}.Debug|Any CPU.Build.0 = Debug|Any CPU
		{3DF549DB-109A-413A-AED6-AFB195E804ED}.Release|Any CPU.ActiveCfg = Release|Any CPU
		{3DF549DB-109A-413A-AED6-AFB195E804ED}.Release|Any CPU.Build.0 = Release|Any CPU
	EndGlobalSection
	GlobalSection(SolutionProperties) = preSolution
		HideSolutionNode = FALSE
	EndGlobalSection
	GlobalSection(ExtensibilityGlobals) = postSolution
		SolutionGuid = {FE25E010-25D8-4D81-8BF4-1EAC7D707685}
	EndGlobalSection
EndGlobal
